
Microsoft Visual Studio Solution File, Format Version 12.00
# Visual Studio 2012
Project("{FAE04EC0-301F-11D3-BF4B-00C04F79EFBC}") = "WFSample.WebUI", "WFSample.WebUI\WFSample.WebUI.csproj", "{60451A6A-BC16-43AE-9495-3BC39DC51BF3}"
EndProject
Project("{FAE04EC0-301F-11D3-BF4B-00C04F79EFBC}") = "WFSample.Core", "WFSample.Core\WFSample.Core.csproj", "{08996090-6ED7-4FBF-853E-915F6F5C7567}"
EndProject
Project("{FAE04EC0-301F-11D3-BF4B-00C04F79EFBC}") = "WFSample.DB", "WFSample.DB\WFSample.DB.csproj", "{2E8E7FA2-822B-472D-8C0B-8B74113BCF42}"
EndProject
Project("{FAE04EC0-301F-11D3-BF4B-00C04F79EFBC}") = "WFSample.UnitTest", "WFSample.UnitTest\WFSample.UnitTest.csproj", "{630B7B2D-D885-4A7C-A4C2-B5226F510E10}"
EndProject
Global
	GlobalSection(SolutionConfigurationPlatforms) = preSolution
		Debug|Any CPU = Debug|Any CPU
		Release|Any CPU = Release|Any CPU
	EndGlobalSection
	GlobalSection(ProjectConfigurationPlatforms) = postSolution
		{60451A6A-BC16-43AE-9495-3BC39DC51BF3}.Debug|Any CPU.ActiveCfg = Debug|Any CPU
		{60451A6A-BC16-43AE-9495-3BC39DC51BF3}.Debug|Any CPU.Build.0 = Debug|Any CPU
		{60451A6A-BC16-43AE-9495-3BC39DC51BF3}.Release|Any CPU.ActiveCfg = Release|Any CPU
		{60451A6A-BC16-43AE-9495-3BC39DC51BF3}.Release|Any CPU.Build.0 = Release|Any CPU
		{08996090-6ED7-4FBF-853E-915F6F5C7567}.Debug|Any CPU.ActiveCfg = Debug|Any CPU
		{08996090-6ED7-4FBF-853E-915F6F5C7567}.Debug|Any CPU.Build.0 = Debug|Any CPU
		{08996090-6ED7-4FBF-853E-915F6F5C7567}.Release|Any CPU.ActiveCfg = Release|Any CPU
		{08996090-6ED7-4FBF-853E-915F6F5C7567}.Release|Any CPU.Build.0 = Release|Any CPU
		{2E8E7FA2-822B-472D-8C0B-8B74113BCF42}.Debug|Any CPU.ActiveCfg = Debug|Any CPU
		{2E8E7FA2-822B-472D-8C0B-8B74113BCF42}.Debug|Any CPU.Build.0 = Debug|Any CPU
		{2E8E7FA2-822B-472D-8C0B-8B74113BCF42}.Release|Any CPU.ActiveCfg = Release|Any CPU
		{2E8E7FA2-822B-472D-8C0B-8B74113BCF42}.Release|Any CPU.Build.0 = Release|Any CPU
		{630B7B2D-D885-4A7C-A4C2-B5226F510E10}.Debug|Any CPU.ActiveCfg = Debug|Any CPU
		{630B7B2D-D885-4A7C-A4C2-B5226F510E10}.Debug|Any CPU.Build.0 = Debug|Any CPU
		{630B7B2D-D885-4A7C-A4C2-B5226F510E10}.Release|Any CPU.ActiveCfg = Release|Any CPU
		{630B7B2D-D885-4A7C-A4C2-B5226F510E10}.Release|Any CPU.Build.0 = Release|Any CPU
	EndGlobalSection
	GlobalSection(SolutionProperties) = preSolution
		HideSolutionNode = FALSE
	EndGlobalSection
EndGlobal
